
Microsoft Visual Studio Solution File, Format Version 12.00
# Visual Studio Version 17
VisualStudioVersion = 17.0.31903.59
MinimumVisualStudioVersion = 10.0.40219.1
Project("{2150E333-8FDC-42A3-9474-1A3956D46DE8}") = "src", "src", "{827E0CD3-B72D-47B6-A68D-7590B98EB39B}"
EndProject
Project("{2150E333-8FDC-42A3-9474-1A3956D46DE8}") = "Web", "Web", "{03997797-E7F5-0643-168D-B8EA7178C2FE}"
EndProject
Project("{FAE04EC0-301F-11D3-BF4B-00C04F79EFBC}") = "Charter.Reporter.Web", "src\Web\Charter.Reporter.Web.csproj", "{226AB9F4-8239-4D33-9C62-C76F3D4AC0F0}"
EndProject
Project("{FAE04EC0-301F-11D3-BF4B-00C04F79EFBC}") = "Charter.Reporter.Application", "src\Application\Charter.Reporter.Application.csproj", "{35611297-23CA-4636-BE88-EBAD88BD1D0B}"
EndProject
Project("{FAE04EC0-301F-11D3-BF4B-00C04F79EFBC}") = "Charter.Reporter.Domain", "src\Domain\Charter.Reporter.Domain.csproj", "{8390C965-ABC3-4AF0-9D33-519EB9B1B2DB}"
EndProject
Project("{FAE04EC0-301F-11D3-BF4B-00C04F79EFBC}") = "Charter.Reporter.Infrastructure", "src\Infrastructure\Charter.Reporter.Infrastructure.csproj", "{56A148AE-D344-47C2-9B12-F2A15119848E}"
EndProject
Project("{FAE04EC0-301F-11D3-BF4B-00C04F79EFBC}") = "Charter.Reporter.Shared", "src\Shared\Charter.Reporter.Shared.csproj", "{A43431D3-5210-4AA2-9EA2-14ED2CBCCA92}"
EndProject
Project("{FAE04EC0-301F-11D3-BF4B-00C04F79EFBC}") = "Charter.Reporter.Tests", "tests\Tests\Charter.Reporter.Tests.csproj", "{9E66F8D6-2BCD-486C-ACEF-9A94B65F9159}"
EndProject
Global
	GlobalSection(SolutionConfigurationPlatforms) = preSolution
		Debug|Any CPU = Debug|Any CPU
		Debug|x64 = Debug|x64
		Debug|x86 = Debug|x86
		Release|Any CPU = Release|Any CPU
		Release|x64 = Release|x64
		Release|x86 = Release|x86
	EndGlobalSection
	GlobalSection(ProjectConfigurationPlatforms) = postSolution
		{226AB9F4-8239-4D33-9C62-C76F3D4AC0F0}.Debug|Any CPU.ActiveCfg = Debug|Any CPU
		{226AB9F4-8239-4D33-9C62-C76F3D4AC0F0}.Debug|Any CPU.Build.0 = Debug|Any CPU
		{226AB9F4-8239-4D33-9C62-C76F3D4AC0F0}.Debug|x64.ActiveCfg = Debug|Any CPU
		{226AB9F4-8239-4D33-9C62-C76F3D4AC0F0}.Debug|x64.Build.0 = Debug|Any CPU
		{226AB9F4-8239-4D33-9C62-C76F3D4AC0F0}.Debug|x86.ActiveCfg = Debug|Any CPU
		{226AB9F4-8239-4D33-9C62-C76F3D4AC0F0}.Debug|x86.Build.0 = Debug|Any CPU
		{226AB9F4-8239-4D33-9C62-C76F3D4AC0F0}.Release|Any CPU.ActiveCfg = Release|Any CPU
		{226AB9F4-8239-4D33-9C62-C76F3D4AC0F0}.Release|Any CPU.Build.0 = Release|Any CPU
		{226AB9F4-8239-4D33-9C62-C76F3D4AC0F0}.Release|x64.ActiveCfg = Release|Any CPU
		{226AB9F4-8239-4D33-9C62-C76F3D4AC0F0}.Release|x64.Build.0 = Release|Any CPU
		{226AB9F4-8239-4D33-9C62-C76F3D4AC0F0}.Release|x86.ActiveCfg = Release|Any CPU
		{226AB9F4-8239-4D33-9C62-C76F3D4AC0F0}.Release|x86.Build.0 = Release|Any CPU
		{35611297-23CA-4636-BE88-EBAD88BD1D0B}.Debug|Any CPU.ActiveCfg = Debug|Any CPU
		{35611297-23CA-4636-BE88-EBAD88BD1D0B}.Debug|Any CPU.Build.0 = Debug|Any CPU
		{35611297-23CA-4636-BE88-EBAD88BD1D0B}.Debug|x64.ActiveCfg = Debug|Any CPU
		{35611297-23CA-4636-BE88-EBAD88BD1D0B}.Debug|x64.Build.0 = Debug|Any CPU
		{35611297-23CA-4636-BE88-EBAD88BD1D0B}.Debug|x86.ActiveCfg = Debug|Any CPU
		{35611297-23CA-4636-BE88-EBAD88BD1D0B}.Debug|x86.Build.0 = Debug|Any CPU
		{35611297-23CA-4636-BE88-EBAD88BD1D0B}.Release|Any CPU.ActiveCfg = Release|Any CPU
		{35611297-23CA-4636-BE88-EBAD88BD1D0B}.Release|Any CPU.Build.0 = Release|Any CPU
		{35611297-23CA-4636-BE88-EBAD88BD1D0B}.Release|x64.ActiveCfg = Release|Any CPU
		{35611297-23CA-4636-BE88-EBAD88BD1D0B}.Release|x64.Build.0 = Release|Any CPU
		{35611297-23CA-4636-BE88-EBAD88BD1D0B}.Release|x86.ActiveCfg = Release|Any CPU
		{35611297-23CA-4636-BE88-EBAD88BD1D0B}.Release|x86.Build.0 = Release|Any CPU
		{8390C965-ABC3-4AF0-9D33-519EB9B1B2DB}.Debug|Any CPU.ActiveCfg = Debug|Any CPU
		{8390C965-ABC3-4AF0-9D33-519EB9B1B2DB}.Debug|Any CPU.Build.0 = Debug|Any CPU
		{8390C965-ABC3-4AF0-9D33-519EB9B1B2DB}.Debug|x64.ActiveCfg = Debug|Any CPU
		{8390C965-ABC3-4AF0-9D33-519EB9B1B2DB}.Debug|x64.Build.0 = Debug|Any CPU
		{8390C965-ABC3-4AF0-9D33-519EB9B1B2DB}.Debug|x86.ActiveCfg = Debug|Any CPU
		{8390C965-ABC3-4AF0-9D33-519EB9B1B2DB}.Debug|x86.Build.0 = Debug|Any CPU
		{8390C965-ABC3-4AF0-9D33-519EB9B1B2DB}.Release|Any CPU.ActiveCfg = Release|Any CPU
		{8390C965-ABC3-4AF0-9D33-519EB9B1B2DB}.Release|Any CPU.Build.0 = Release|Any CPU
		{8390C965-ABC3-4AF0-9D33-519EB9B1B2DB}.Release|x64.ActiveCfg = Release|Any CPU
		{8390C965-ABC3-4AF0-9D33-519EB9B1B2DB}.Release|x64.Build.0 = Release|Any CPU
		{8390C965-ABC3-4AF0-9D33-519EB9B1B2DB}.Release|x86.ActiveCfg = Release|Any CPU
		{8390C965-ABC3-4AF0-9D33-519EB9B1B2DB}.Release|x86.Build.0 = Release|Any CPU
		{56A148AE-D344-47C2-9B12-F2A15119848E}.Debug|Any CPU.ActiveCfg = Debug|Any CPU
		{56A148AE-D344-47C2-9B12-F2A15119848E}.Debug|Any CPU.Build.0 = Debug|Any CPU
		{56A148AE-D344-47C2-9B12-F2A15119848E}.Debug|x64.ActiveCfg = Debug|Any CPU
		{56A148AE-D344-47C2-9B12-F2A15119848E}.Debug|x64.Build.0 = Debug|Any CPU
		{56A148AE-D344-47C2-9B12-F2A15119848E}.Debug|x86.ActiveCfg = Debug|Any CPU
		{56A148AE-D344-47C2-9B12-F2A15119848E}.Debug|x86.Build.0 = Debug|Any CPU
		{56A148AE-D344-47C2-9B12-F2A15119848E}.Release|Any CPU.ActiveCfg = Release|Any CPU
		{56A148AE-D344-47C2-9B12-F2A15119848E}.Release|Any CPU.Build.0 = Release|Any CPU
		{56A148AE-D344-47C2-9B12-F2A15119848E}.Release|x64.ActiveCfg = Release|Any CPU
		{56A148AE-D344-47C2-9B12-F2A15119848E}.Release|x64.Build.0 = Release|Any CPU
		{56A148AE-D344-47C2-9B12-F2A15119848E}.Release|x86.ActiveCfg = Release|Any CPU
		{56A148AE-D344-47C2-9B12-F2A15119848E}.Release|x86.Build.0 = Release|Any CPU
		{A43431D3-5210-4AA2-9EA2-14ED2CBCCA92}.Debug|Any CPU.ActiveCfg = Debug|Any CPU
		{A43431D3-5210-4AA2-9EA2-14ED2CBCCA92}.Debug|Any CPU.Build.0 = Debug|Any CPU
		{A43431D3-5210-4AA2-9EA2-14ED2CBCCA92}.Debug|x64.ActiveCfg = Debug|Any CPU
		{A43431D3-5210-4AA2-9EA2-14ED2CBCCA92}.Debug|x64.Build.0 = Debug|Any CPU
		{A43431D3-5210-4AA2-9EA2-14ED2CBCCA92}.Debug|x86.ActiveCfg = Debug|Any CPU
		{A43431D3-5210-4AA2-9EA2-14ED2CBCCA92}.Debug|x86.Build.0 = Debug|Any CPU
		{A43431D3-5210-4AA2-9EA2-14ED2CBCCA92}.Release|Any CPU.ActiveCfg = Release|Any CPU
		{A43431D3-5210-4AA2-9EA2-14ED2CBCCA92}.Release|Any CPU.Build.0 = Release|Any CPU
		{A43431D3-5210-4AA2-9EA2-14ED2CBCCA92}.Release|x64.ActiveCfg = Release|Any CPU
		{A43431D3-5210-4AA2-9EA2-14ED2CBCCA92}.Release|x64.Build.0 = Release|Any CPU
		{A43431D3-5210-4AA2-9EA2-14ED2CBCCA92}.Release|x86.ActiveCfg = Release|Any CPU
		{A43431D3-5210-4AA2-9EA2-14ED2CBCCA92}.Release|x86.Build.0 = Release|Any CPU
		{9E66F8D6-2BCD-486C-ACEF-9A94B65F9159}.Debug|Any CPU.ActiveCfg = Debug|Any CPU
		{9E66F8D6-2BCD-486C-ACEF-9A94B65F9159}.Debug|Any CPU.Build.0 = Debug|Any CPU
		{9E66F8D6-2BCD-486C-ACEF-9A94B65F9159}.Debug|x64.ActiveCfg = Debug|Any CPU
		{9E66F8D6-2BCD-486C-ACEF-9A94B65F9159}.Debug|x64.Build.0 = Debug|Any CPU
		{9E66F8D6-2BCD-486C-ACEF-9A94B65F9159}.Debug|x86.ActiveCfg = Debug|Any CPU
		{9E66F8D6-2BCD-486C-ACEF-9A94B65F9159}.Debug|x86.Build.0 = Debug|Any CPU
		{9E66F8D6-2BCD-486C-ACEF-9A94B65F9159}.Release|Any CPU.ActiveCfg = Release|Any CPU
		{9E66F8D6-2BCD-486C-ACEF-9A94B65F9159}.Release|Any CPU.Build.0 = Release|Any CPU
		{9E66F8D6-2BCD-486C-ACEF-9A94B65F9159}.Release|x64.ActiveCfg = Release|Any CPU
		{9E66F8D6-2BCD-486C-ACEF-9A94B65F9159}.Release|x64.Build.0 = Release|Any CPU
		{9E66F8D6-2BCD-486C-ACEF-9A94B65F9159}.Release|x86.ActiveCfg = Release|Any CPU
		{9E66F8D6-2BCD-486C-ACEF-9A94B65F9159}.Release|x86.Build.0 = Release|Any CPU
	EndGlobalSection
	GlobalSection(SolutionProperties) = preSolution
		HideSolutionNode = FALSE
	EndGlobalSection
	GlobalSection(NestedProjects) = preSolution
		{03997797-E7F5-0643-168D-B8EA7178C2FE} = {827E0CD3-B72D-47B6-A68D-7590B98EB39B}
		{226AB9F4-8239-4D33-9C62-C76F3D4AC0F0} = {03997797-E7F5-0643-168D-B8EA7178C2FE}
		{35611297-23CA-4636-BE88-EBAD88BD1D0B} = {03997797-E7F5-0643-168D-B8EA7178C2FE}
		{8390C965-ABC3-4AF0-9D33-519EB9B1B2DB} = {03997797-E7F5-0643-168D-B8EA7178C2FE}
		{56A148AE-D344-47C2-9B12-F2A15119848E} = {03997797-E7F5-0643-168D-B8EA7178C2FE}
		{A43431D3-5210-4AA2-9EA2-14ED2CBCCA92} = {03997797-E7F5-0643-168D-B8EA7178C2FE}
		{9E66F8D6-2BCD-486C-ACEF-9A94B65F9159} = {03997797-E7F5-0643-168D-B8EA7178C2FE}
	EndGlobalSection
EndGlobal
